
Microsoft Visual Studio Solution File, Format Version 12.00
# Visual Studio Version 17
VisualStudioVersion = 17.10.35013.160
MinimumVisualStudioVersion = 10.0.40219.1
Project("{9A19103F-16F7-4668-BE54-9A1E7A4F7556}") = "DriveBots", "DriveBots.csproj", "{8BC0E280-3424-42C8-8D66-973A2341ED61}"
EndProject
Project("{2150E333-8FDC-42A3-9474-1A3956D46DE8}") = "Solution Items", "Solution Items", "{D8E9030F-5A90-4AF8-8AE0-F6BE93D91450}"
	ProjectSection(SolutionItems) = preProject
		Class1.cs = Class1.cs
	EndProjectSection
EndProject
Global
	GlobalSection(SolutionConfigurationPlatforms) = preSolution
		Debug|Any CPU = Debug|Any CPU
		Release|Any CPU = Release|Any CPU
	EndGlobalSection
	GlobalSection(ProjectConfigurationPlatforms) = postSolution
		{8BC0E280-3424-42C8-8D66-973A2341ED61}.Debug|Any CPU.ActiveCfg = Debug|Any CPU
		{8BC0E280-3424-42C8-8D66-973A2341ED61}.Debug|Any CPU.Build.0 = Debug|Any CPU
		{8BC0E280-3424-42C8-8D66-973A2341ED61}.Release|Any CPU.ActiveCfg = Release|Any CPU
		{8BC0E280-3424-42C8-8D66-973A2341ED61}.Release|Any CPU.Build.0 = Release|Any CPU
	EndGlobalSection
	GlobalSection(SolutionProperties) = preSolution
		HideSolutionNode = FALSE
	EndGlobalSection
	GlobalSection(ExtensibilityGlobals) = postSolution
		SolutionGuid = {0FD32107-AD05-463E-A602-E2EC1FC6D73D}
	EndGlobalSection
EndGlobal
